<?xml version="1.0" encoding="utf-8"?>
<Project ToolsVersion="4.0" xmlns="http://schemas.microsoft.com/developer/msbuild/2003">
  <ItemGroup>
    <Filter Include="Lud_Utils">
      <UniqueIdentifier>{BABCC176-2627-76ED-6F65-2793DB0E5442}</UniqueIdentifier>
    </Filter>
    <Filter Include="Lud_Utils\include">
      <UniqueIdentifier>{2DFEB4A7-9914-B33D-E28B-3E5F4EE183C5}</UniqueIdentifier>
    </Filter>
    <Filter Include="Lud_Utils\include\Lud-utils">
      <UniqueIdentifier>{3F520D16-AB5F-3BFC-3446-37E7A05207B3}</UniqueIdentifier>
    </Filter>
    <Filter Include="include">
      <UniqueIdentifier>{89AF369E-F58E-B539-FEA6-40106A051C9B}</UniqueIdentifier>
    </Filter>
    <Filter Include="src">
      <UniqueIdentifier>{2DAB880B-99B4-887C-2230-9F7C8E38947C}</UniqueIdentifier>
    </Filter>
  </ItemGroup>
  <ItemGroup>
    <ClInclude Include="Lud_Utils\include\Lud-utils\lud_assert.hpp">
      <Filter>Lud_Utils\include\Lud-utils</Filter>
    </ClInclude>
    <ClInclude Include="Lud_Utils\include\Lud-utils\lud_cl.hpp">
      <Filter>Lud_Utils\include\Lud-utils</Filter>
    </ClInclude>
    <ClInclude Include="Lud_Utils\include\Lud-utils\lud_id.hpp">
      <Filter>Lud_Utils\include\Lud-utils</Filter>
    </ClInclude>
    <ClInclude Include="Lud_Utils\include\Lud-utils\lud_parser.hpp">
      <Filter>Lud_Utils\include\Lud-utils</Filter>
    </ClInclude>
    <ClInclude Include="Lud_Utils\include\Lud-utils\lud_slurper.hpp">
      <Filter>Lud_Utils\include\Lud-utils</Filter>
    </ClInclude>
    <ClInclude Include="Lud_Utils\include\Lud-utils\lud_unzip.hpp">
      <Filter>Lud_Utils\include\Lud-utils</Filter>
    </ClInclude>
    <ClInclude Include="include\PoissonBinomialDistribution.hpp">
      <Filter>include</Filter>
    </ClInclude>
  </ItemGroup>
  <ItemGroup>
    <ClCompile Include="src\PoissonBinomialDistribution.cpp">
      <Filter>src</Filter>
    </ClCompile>
    <ClCompile Include="src\main.cpp">
      <Filter>src</Filter>
    </ClCompile>
    <ClCompile Include="src\test.cpp">
      <Filter>src</Filter>
    </ClCompile>
  </ItemGroup>
</Project>